
Microsoft Visual Studio Solution File, Format Version 12.00
# Visual Studio Version 17
VisualStudioVersion = 17.14.37710.0 d17.14
MinimumVisualStudioVersion = 10.0.40219.1
Project("{FAE04EC0-301F-11D3-BF4B-00C04F79EFBC}") = "OOP2", "OOP2.csproj", "{7471D77A-CBDB-4D86-AB5B-FD382DC41B56}"
EndProject
Global
	GlobalSection(SolutionConfigurationPlatforms) = preSolution
		Debug|Any CPU = Debug|Any CPU
		Release|Any CPU = Release|Any CPU
	EndGlobalSection
	GlobalSection(ProjectConfigurationPlatforms) = postSolution
		{7471D77A-CBDB-4D86-AB5B-FD382DC41B56}.Debug|Any CPU.ActiveCfg = Debug|Any CPU
		{7471D77A-CBDB-4D86-AB5B-FD382DC41B56}.Debug|Any CPU.Build.0 = Debug|Any CPU
		{7471D77A-CBDB-4D86-AB5B-FD382DC41B56}.Release|Any CPU.ActiveCfg = Release|Any CPU
		{7471D77A-CBDB-4D86-AB5B-FD382DC41B56}.Release|Any CPU.Build.0 = Release|Any CPU
	EndGlobalSection
	GlobalSection(SolutionProperties) = preSolution
		HideSolutionNode = FALSE
	EndGlobalSection
	GlobalSection(ExtensibilityGlobals) = postSolution
		SolutionGuid = {5D2823EB-626C-4C2A-95A4-D470BF73F51E}
	EndGlobalSection
EndGlobal
